
Microsoft Visual Studio Solution File, Format Version 12.00
# Visual Studio Version 17
VisualStudioVersion = 17.9.34701.34
MinimumVisualStudioVersion = 10.0.40219.1
Project("{9A19103F-16F7-4668-BE54-9A1E7A4F7556}") = "TestTask.Run", "TestTask.Run\TestTask.Run.csproj", "{1D81D17D-2AE5-45D0-A895-0FB2A27A41B0}"
EndProject
Project("{FAE04EC0-301F-11D3-BF4B-00C04F79EFBC}") = "TestTask.RouteProblem", "TestTask.RouteProblem\TestTask.RouteProblem.csproj", "{0D833026-C4A0-439B-BD57-48197FD6360B}"
EndProject
Project("{FAE04EC0-301F-11D3-BF4B-00C04F79EFBC}") = "TestTask.Tests", "TestTask.Tests\TestTask.Tests.csproj", "{C1B4640A-77DB-4D93-ABE2-C0338B58D5BD}"
EndProject
Global
	GlobalSection(SolutionConfigurationPlatforms) = preSolution
		Debug|Any CPU = Debug|Any CPU
		Release|Any CPU = Release|Any CPU
	EndGlobalSection
	GlobalSection(ProjectConfigurationPlatforms) = postSolution
		{1D81D17D-2AE5-45D0-A895-0FB2A27A41B0}.Debug|Any CPU.ActiveCfg = Debug|Any CPU
		{1D81D17D-2AE5-45D0-A895-0FB2A27A41B0}.Debug|Any CPU.Build.0 = Debug|Any CPU
		{1D81D17D-2AE5-45D0-A895-0FB2A27A41B0}.Release|Any CPU.ActiveCfg = Release|Any CPU
		{1D81D17D-2AE5-45D0-A895-0FB2A27A41B0}.Release|Any CPU.Build.0 = Release|Any CPU
		{0D833026-C4A0-439B-BD57-48197FD6360B}.Debug|Any CPU.ActiveCfg = Debug|Any CPU
		{0D833026-C4A0-439B-BD57-48197FD6360B}.Debug|Any CPU.Build.0 = Debug|Any CPU
		{0D833026-C4A0-439B-BD57-48197FD6360B}.Release|Any CPU.ActiveCfg = Release|Any CPU
		{0D833026-C4A0-439B-BD57-48197FD6360B}.Release|Any CPU.Build.0 = Release|Any CPU
		{C1B4640A-77DB-4D93-ABE2-C0338B58D5BD}.Debug|Any CPU.ActiveCfg = Debug|Any CPU
		{C1B4640A-77DB-4D93-ABE2-C0338B58D5BD}.Debug|Any CPU.Build.0 = Debug|Any CPU
		{C1B4640A-77DB-4D93-ABE2-C0338B58D5BD}.Release|Any CPU.ActiveCfg = Release|Any CPU
		{C1B4640A-77DB-4D93-ABE2-C0338B58D5BD}.Release|Any CPU.Build.0 = Release|Any CPU
	EndGlobalSection
	GlobalSection(SolutionProperties) = preSolution
		HideSolutionNode = FALSE
	EndGlobalSection
	GlobalSection(ExtensibilityGlobals) = postSolution
		SolutionGuid = {F63A1AAC-9C7C-4DE2-8CD7-89F8FCC0AADE}
	EndGlobalSection
EndGlobal
